
Microsoft Visual Studio Solution File, Format Version 12.00
# Visual Studio 15
Project("{FAE04EC0-301F-11D3-BF4B-00C04F79EFBC}") = "Assembly-CSharp", "Assembly-CSharp.csproj", "{FFDA8F1E-D443-AC83-B911-AB9A30271FC7}"
EndProject
Project("{FAE04EC0-301F-11D3-BF4B-00C04F79EFBC}") = "DOTween.Modules", "DOTween.Modules.csproj", "{961F8695-091A-39AA-08CA-2CE6316F30B0}"
EndProject
Project("{FAE04EC0-301F-11D3-BF4B-00C04F79EFBC}") = "DOTweenPro.Scripts", "DOTweenPro.Scripts.csproj", "{0DE245EE-C65F-B941-354A-076B5606A8E7}"
EndProject
Project("{FAE04EC0-301F-11D3-BF4B-00C04F79EFBC}") = "Assembly-CSharp-Editor", "Assembly-CSharp-Editor.csproj", "{A0AC0A09-E4D1-ACBA-F937-E99E8E628D93}"
EndProject
Project("{FAE04EC0-301F-11D3-BF4B-00C04F79EFBC}") = "DOTweenPro.EditorScripts", "DOTweenPro.EditorScripts.csproj", "{C9087633-7108-BEAB-9E69-B9F13960CBB6}"
EndProject
Global
	GlobalSection(SolutionConfigurationPlatforms) = preSolution
		Debug|Any CPU = Debug|Any CPU
		Release|Any CPU = Release|Any CPU
	EndGlobalSection
	GlobalSection(ProjectConfigurationPlatforms) = postSolution
		{FFDA8F1E-D443-AC83-B911-AB9A30271FC7}.Debug|Any CPU.ActiveCfg = Debug|Any CPU
		{FFDA8F1E-D443-AC83-B911-AB9A30271FC7}.Debug|Any CPU.Build.0 = Debug|Any CPU
		{FFDA8F1E-D443-AC83-B911-AB9A30271FC7}.Release|Any CPU.ActiveCfg = Release|Any CPU
		{FFDA8F1E-D443-AC83-B911-AB9A30271FC7}.Release|Any CPU.Build.0 = Release|Any CPU
		{961F8695-091A-39AA-08CA-2CE6316F30B0}.Debug|Any CPU.ActiveCfg = Debug|Any CPU
		{961F8695-091A-39AA-08CA-2CE6316F30B0}.Debug|Any CPU.Build.0 = Debug|Any CPU
		{961F8695-091A-39AA-08CA-2CE6316F30B0}.Release|Any CPU.ActiveCfg = Release|Any CPU
		{961F8695-091A-39AA-08CA-2CE6316F30B0}.Release|Any CPU.Build.0 = Release|Any CPU
		{0DE245EE-C65F-B941-354A-076B5606A8E7}.Debug|Any CPU.ActiveCfg = Debug|Any CPU
		{0DE245EE-C65F-B941-354A-076B5606A8E7}.Debug|Any CPU.Build.0 = Debug|Any CPU
		{0DE245EE-C65F-B941-354A-076B5606A8E7}.Release|Any CPU.ActiveCfg = Release|Any CPU
		{0DE245EE-C65F-B941-354A-076B5606A8E7}.Release|Any CPU.Build.0 = Release|Any CPU
		{A0AC0A09-E4D1-ACBA-F937-E99E8E628D93}.Debug|Any CPU.ActiveCfg = Debug|Any CPU
		{A0AC0A09-E4D1-ACBA-F937-E99E8E628D93}.Debug|Any CPU.Build.0 = Debug|Any CPU
		{A0AC0A09-E4D1-ACBA-F937-E99E8E628D93}.Release|Any CPU.ActiveCfg = Release|Any CPU
		{A0AC0A09-E4D1-ACBA-F937-E99E8E628D93}.Release|Any CPU.Build.0 = Release|Any CPU
		{C9087633-7108-BEAB-9E69-B9F13960CBB6}.Debug|Any CPU.ActiveCfg = Debug|Any CPU
		{C9087633-7108-BEAB-9E69-B9F13960CBB6}.Debug|Any CPU.Build.0 = Debug|Any CPU
		{C9087633-7108-BEAB-9E69-B9F13960CBB6}.Release|Any CPU.ActiveCfg = Release|Any CPU
		{C9087633-7108-BEAB-9E69-B9F13960CBB6}.Release|Any CPU.Build.0 = Release|Any CPU
	EndGlobalSection
	GlobalSection(SolutionProperties) = preSolution
		HideSolutionNode = FALSE
	EndGlobalSection
EndGlobal
